
Microsoft Visual Studio Solution File, Format Version 12.00
# Visual Studio Version 17
VisualStudioVersion = 17.1.32210.238
MinimumVisualStudioVersion = 10.0.40219.1
Project("{FAE04EC0-301F-11D3-BF4B-00C04F79EFBC}") = "WpfApp1", "WpfApp1\WpfApp1.csproj", "{905C7FA6-C489-47DE-A389-2AD971D1B41B}"
EndProject
Global
	GlobalSection(SolutionConfigurationPlatforms) = preSolution
		Debug|Any CPU = Debug|Any CPU
		Release|Any CPU = Release|Any CPU
	EndGlobalSection
	GlobalSection(ProjectConfigurationPlatforms) = postSolution
		{905C7FA6-C489-47DE-A389-2AD971D1B41B}.Debug|Any CPU.ActiveCfg = Debug|Any CPU
		{905C7FA6-C489-47DE-A389-2AD971D1B41B}.Debug|Any CPU.Build.0 = Debug|Any CPU
		{905C7FA6-C489-47DE-A389-2AD971D1B41B}.Release|Any CPU.ActiveCfg = Release|Any CPU
		{905C7FA6-C489-47DE-A389-2AD971D1B41B}.Release|Any CPU.Build.0 = Release|Any CPU
	EndGlobalSection
	GlobalSection(SolutionProperties) = preSolution
		HideSolutionNode = FALSE
	EndGlobalSection
	GlobalSection(ExtensibilityGlobals) = postSolution
		SolutionGuid = {1CAB0AE6-9F35-4436-8ADD-095CAD5F4690}
	EndGlobalSection
EndGlobal
